
Microsoft Visual Studio Solution File, Format Version 12.00
# Visual Studio Version 17
VisualStudioVersion = 17.12.35527.113
MinimumVisualStudioVersion = 10.0.40219.1
Project("{FAE04EC0-301F-11D3-BF4B-00C04F79EFBC}") = "GroupBy", "GroupBy\GroupBy.csproj", "{7EF5CDC5-124D-466C-939A-722DF33768D0}"
EndProject
Project("{FAE04EC0-301F-11D3-BF4B-00C04F79EFBC}") = "Data", "Data\Data.csproj", "{C9DC8024-7CC4-4ACC-8E02-64F5C051643B}"
EndProject
Project("{FAE04EC0-301F-11D3-BF4B-00C04F79EFBC}") = "Select", "Select\Select.csproj", "{5CA9D546-A4C6-497D-B0E5-7B1E4032DFCB}"
EndProject
Project("{FAE04EC0-301F-11D3-BF4B-00C04F79EFBC}") = "SelectMany", "SelectMany\SelectMany.csproj", "{2FEB9508-AD37-4019-A306-D6FE35F370C1}"
EndProject
Project("{FAE04EC0-301F-11D3-BF4B-00C04F79EFBC}") = "Contains", "Contains\Contains.csproj", "{5593BCEB-CF76-4B36-94A0-EAD9E4A863E0}"
EndProject
Project("{FAE04EC0-301F-11D3-BF4B-00C04F79EFBC}") = "Join", "Join\Join.csproj", "{1E8903D9-DBC0-4B8D-B555-4A65094F6A3B}"
EndProject
Project("{FAE04EC0-301F-11D3-BF4B-00C04F79EFBC}") = "GroupJoin", "GroupJoin\GroupJoin.csproj", "{AAF7A338-A5FB-41E9-8DBF-EA5137D55351}"
EndProject
Global
	GlobalSection(SolutionConfigurationPlatforms) = preSolution
		Debug|Any CPU = Debug|Any CPU
		Release|Any CPU = Release|Any CPU
	EndGlobalSection
	GlobalSection(ProjectConfigurationPlatforms) = postSolution
		{7EF5CDC5-124D-466C-939A-722DF33768D0}.Debug|Any CPU.ActiveCfg = Debug|Any CPU
		{7EF5CDC5-124D-466C-939A-722DF33768D0}.Debug|Any CPU.Build.0 = Debug|Any CPU
		{7EF5CDC5-124D-466C-939A-722DF33768D0}.Release|Any CPU.ActiveCfg = Release|Any CPU
		{7EF5CDC5-124D-466C-939A-722DF33768D0}.Release|Any CPU.Build.0 = Release|Any CPU
		{C9DC8024-7CC4-4ACC-8E02-64F5C051643B}.Debug|Any CPU.ActiveCfg = Debug|Any CPU
		{C9DC8024-7CC4-4ACC-8E02-64F5C051643B}.Debug|Any CPU.Build.0 = Debug|Any CPU
		{C9DC8024-7CC4-4ACC-8E02-64F5C051643B}.Release|Any CPU.ActiveCfg = Release|Any CPU
		{C9DC8024-7CC4-4ACC-8E02-64F5C051643B}.Release|Any CPU.Build.0 = Release|Any CPU
		{5CA9D546-A4C6-497D-B0E5-7B1E4032DFCB}.Debug|Any CPU.ActiveCfg = Debug|Any CPU
		{5CA9D546-A4C6-497D-B0E5-7B1E4032DFCB}.Debug|Any CPU.Build.0 = Debug|Any CPU
		{5CA9D546-A4C6-497D-B0E5-7B1E4032DFCB}.Release|Any CPU.ActiveCfg = Release|Any CPU
		{5CA9D546-A4C6-497D-B0E5-7B1E4032DFCB}.Release|Any CPU.Build.0 = Release|Any CPU
		{2FEB9508-AD37-4019-A306-D6FE35F370C1}.Debug|Any CPU.ActiveCfg = Debug|Any CPU
		{2FEB9508-AD37-4019-A306-D6FE35F370C1}.Debug|Any CPU.Build.0 = Debug|Any CPU
		{2FEB9508-AD37-4019-A306-D6FE35F370C1}.Release|Any CPU.ActiveCfg = Release|Any CPU
		{2FEB9508-AD37-4019-A306-D6FE35F370C1}.Release|Any CPU.Build.0 = Release|Any CPU
		{5593BCEB-CF76-4B36-94A0-EAD9E4A863E0}.Debug|Any CPU.ActiveCfg = Debug|Any CPU
		{5593BCEB-CF76-4B36-94A0-EAD9E4A863E0}.Debug|Any CPU.Build.0 = Debug|Any CPU
		{5593BCEB-CF76-4B36-94A0-EAD9E4A863E0}.Release|Any CPU.ActiveCfg = Release|Any CPU
		{5593BCEB-CF76-4B36-94A0-EAD9E4A863E0}.Release|Any CPU.Build.0 = Release|Any CPU
		{1E8903D9-DBC0-4B8D-B555-4A65094F6A3B}.Debug|Any CPU.ActiveCfg = Debug|Any CPU
		{1E8903D9-DBC0-4B8D-B555-4A65094F6A3B}.Debug|Any CPU.Build.0 = Debug|Any CPU
		{1E8903D9-DBC0-4B8D-B555-4A65094F6A3B}.Release|Any CPU.ActiveCfg = Release|Any CPU
		{1E8903D9-DBC0-4B8D-B555-4A65094F6A3B}.Release|Any CPU.Build.0 = Release|Any CPU
		{AAF7A338-A5FB-41E9-8DBF-EA5137D55351}.Debug|Any CPU.ActiveCfg = Debug|Any CPU
		{AAF7A338-A5FB-41E9-8DBF-EA5137D55351}.Debug|Any CPU.Build.0 = Debug|Any CPU
		{AAF7A338-A5FB-41E9-8DBF-EA5137D55351}.Release|Any CPU.ActiveCfg = Release|Any CPU
		{AAF7A338-A5FB-41E9-8DBF-EA5137D55351}.Release|Any CPU.Build.0 = Release|Any CPU
	EndGlobalSection
	GlobalSection(SolutionProperties) = preSolution
		HideSolutionNode = FALSE
	EndGlobalSection
EndGlobal
