
Microsoft Visual Studio Solution File, Format Version 12.00
# Visual Studio Version 17
VisualStudioVersion = 17.12.35527.113
MinimumVisualStudioVersion = 10.0.40219.1
Project("{FAE04EC0-301F-11D3-BF4B-00C04F79EFBC}") = "GroupBy", "GroupBy\GroupBy.csproj", "{7EF5CDC5-124D-466C-939A-722DF33768D0}"
EndProject
Project("{FAE04EC0-301F-11D3-BF4B-00C04F79EFBC}") = "Data", "Data\Data.csproj", "{C9DC8024-7CC4-4ACC-8E02-64F5C051643B}"
EndProject
Project("{FAE04EC0-301F-11D3-BF4B-00C04F79EFBC}") = "Select", "Select\Select.csproj", "{5CA9D546-A4C6-497D-B0E5-7B1E4032DFCB}"
EndProject
Project("{FAE04EC0-301F-11D3-BF4B-00C04F79EFBC}") = "SelectMany", "SelectMany\SelectMany.csproj", "{2FEB9508-AD37-4019-A306-D6FE35F370C1}"
EndProject
Project("{FAE04EC0-301F-11D3-BF4B-00C04F79EFBC}") = "Contains", "Contains\Contains.csproj", "{5593BCEB-CF76-4B36-94A0-EAD9E4A863E0}"
EndProject
Project("{FAE04EC0-301F-11D3-BF4B-00C04F79EFBC}") = "Join", "Join\Join.csproj", "{1E8903D9-DBC0-4B8D-B555-4A65094F6A3B}"
EndProject
Project("{FAE04EC0-301F-11D3-BF4B-00C04F79EFBC}") = "GroupJoin", "GroupJoin\GroupJoin.csproj", "{AAF7A338-A5FB-41E9-8DBF-EA5137D55351}"
EndProject
Project("{FAE04EC0-301F-11D3-BF4B-00C04F79EFBC}") = "Chunk_Range", "Chunk_Range\Chunk_Range.csproj", "{63F7171A-C19E-45D6-834B-685D2A663741}"
EndProject
Project("{FAE04EC0-301F-11D3-BF4B-00C04F79EFBC}") = "TryGetNonEnumeratedCount", "TryGetNonEnumeratedCount\TryGetNonEnumeratedCount.csproj", "{A933BAD3-BD2C-443D-A6E2-86652AD6C39B}"
EndProject
Project("{FAE04EC0-301F-11D3-BF4B-00C04F79EFBC}") = "ToHashset", "ToHashset\ToHashset.csproj", "{90A6EF2E-AD54-4E6B-A459-78FFA42EB575}"
EndProject
Project("{FAE04EC0-301F-11D3-BF4B-00C04F79EFBC}") = "ToDictionary", "ToDictionary\ToDictionary.csproj", "{E6B6329F-AFD8-4D28-9286-625088E63BF4}"
EndProject
Project("{FAE04EC0-301F-11D3-BF4B-00C04F79EFBC}") = "ToLookup", "ToLookup\ToLookup.csproj", "{6FDB4D08-7B0E-4BC9-9926-5AD72B03266B}"
EndProject
Project("{FAE04EC0-301F-11D3-BF4B-00C04F79EFBC}") = "ToArray", "ToArray\ToArray.csproj", "{C1EF35AB-FD11-4754-8455-72B25442429C}"
EndProject
Project("{FAE04EC0-301F-11D3-BF4B-00C04F79EFBC}") = "Cast", "Cast\Cast.csproj", "{13A05284-260E-4F58-AA2E-2C96A4E7F8F9}"
EndProject
Project("{FAE04EC0-301F-11D3-BF4B-00C04F79EFBC}") = "Empty", "Empty\Empty.csproj", "{47F68877-6511-449F-AA66-B17408BD5635}"
EndProject
Project("{FAE04EC0-301F-11D3-BF4B-00C04F79EFBC}") = "Join-Query syntax", "Join-Query syntax\Join-Query syntax.csproj", "{1471D301-0556-470F-84C2-2F860D7A97E7}"
EndProject
Project("{FAE04EC0-301F-11D3-BF4B-00C04F79EFBC}") = "Group By - Query syntax", "Group By - Query syntax\Group By - Query syntax.csproj", "{542DB59E-0DB2-45AE-A585-F67F679A5EF1}"
EndProject
Project("{FAE04EC0-301F-11D3-BF4B-00C04F79EFBC}") = "Aggregate", "Aggregate\Aggregate.csproj", "{585977C3-6346-49AC-A859-951E3DB0D25A}"
EndProject
Project("{FAE04EC0-301F-11D3-BF4B-00C04F79EFBC}") = "Zip", "Zip\Zip.csproj", "{0A398015-4A7A-422D-B283-37451188DB1B}"
EndProject
Project("{FAE04EC0-301F-11D3-BF4B-00C04F79EFBC}") = "CentralLauncher", "CentralLauncher\CentralLauncher.csproj", "{65FE6127-CE08-4BA8-8A98-A8FFA922677A}"
EndProject
Project("{FAE04EC0-301F-11D3-BF4B-00C04F79EFBC}") = "Where", "Where\Where.csproj", "{22C16D19-1FCC-4CF2-AF10-0B23231E46D2}"
EndProject
Project("{FAE04EC0-301F-11D3-BF4B-00C04F79EFBC}") = "Where-Query syntax", "Where-Query syntax\Where-Query syntax.csproj", "{341F712D-4F36-431E-A1B6-CB437A5D48A7}"
EndProject
Project("{FAE04EC0-301F-11D3-BF4B-00C04F79EFBC}") = "OrderBy", "OrderBy\OrderBy.csproj", "{295EEC55-927C-42F5-9990-BD08F3FDF200}"
EndProject
Project("{FAE04EC0-301F-11D3-BF4B-00C04F79EFBC}") = "SElect - Query syntax", "SElect - Query syntax\SElect - Query syntax.csproj", "{BE1051B2-A592-41A5-BF1B-4FDC3A42C405}"
EndProject
Project("{FAE04EC0-301F-11D3-BF4B-00C04F79EFBC}") = "SelectMany - Query syntax", "SelectMany - Query syntax\SelectMany - Query syntax.csproj", "{5CCFCFE5-78A0-4E50-BB47-3BE8B198B737}"
EndProject
Project("{FAE04EC0-301F-11D3-BF4B-00C04F79EFBC}") = "_Introduction", "_Introduction\_Introduction.csproj", "{ADB5D895-D37C-4577-91FF-2D35902FD9AD}"
EndProject
Project("{FAE04EC0-301F-11D3-BF4B-00C04F79EFBC}") = "OrderBy - Query syntax", "OrderBy - Query syntax\OrderBy - Query syntax.csproj", "{B4AB9C9B-0C6B-4CF3-90C1-F968FD6B7670}"
EndProject
Project("{FAE04EC0-301F-11D3-BF4B-00C04F79EFBC}") = "AggregateBy", "AggregateBy\AggregateBy.csproj", "{8F6A81F5-A9C7-43EA-BD2D-93DC116F88FC}"
EndProject
Project("{FAE04EC0-301F-11D3-BF4B-00C04F79EFBC}") = "OfType", "OfType\OfType.csproj", "{899C7A8E-C9E4-4D31-9718-C4A6146BBB1E}"
EndProject
Project("{FAE04EC0-301F-11D3-BF4B-00C04F79EFBC}") = "Distinct", "Distinct\Distinct.csproj", "{4BC34C05-2095-4A1C-8330-ED16ED6F1699}"
EndProject
Project("{FAE04EC0-301F-11D3-BF4B-00C04F79EFBC}") = "DistinctBy", "DistinctBy\DistinctBy.csproj", "{B17B5342-5EF6-4B56-AF02-E8B84CAC318C}"
EndProject
Project("{FAE04EC0-301F-11D3-BF4B-00C04F79EFBC}") = "Count", "Count\Count.csproj", "{9258C4E7-B1AA-4A0C-8642-911CEAFFEBCF}"
EndProject
Project("{FAE04EC0-301F-11D3-BF4B-00C04F79EFBC}") = "CountBy", "CountBy\CountBy.csproj", "{98619DA1-7562-49EF-9398-90AF86171403}"
EndProject
Project("{FAE04EC0-301F-11D3-BF4B-00C04F79EFBC}") = "Single", "Single\Single.csproj", "{D5382CEE-2B05-4D12-B4E4-505D06E89EE1}"
EndProject
Global
	GlobalSection(SolutionConfigurationPlatforms) = preSolution
		Debug|Any CPU = Debug|Any CPU
		Release|Any CPU = Release|Any CPU
	EndGlobalSection
	GlobalSection(ProjectConfigurationPlatforms) = postSolution
		{7EF5CDC5-124D-466C-939A-722DF33768D0}.Debug|Any CPU.ActiveCfg = Debug|Any CPU
		{7EF5CDC5-124D-466C-939A-722DF33768D0}.Debug|Any CPU.Build.0 = Debug|Any CPU
		{7EF5CDC5-124D-466C-939A-722DF33768D0}.Release|Any CPU.ActiveCfg = Release|Any CPU
		{7EF5CDC5-124D-466C-939A-722DF33768D0}.Release|Any CPU.Build.0 = Release|Any CPU
		{C9DC8024-7CC4-4ACC-8E02-64F5C051643B}.Debug|Any CPU.ActiveCfg = Debug|Any CPU
		{C9DC8024-7CC4-4ACC-8E02-64F5C051643B}.Debug|Any CPU.Build.0 = Debug|Any CPU
		{C9DC8024-7CC4-4ACC-8E02-64F5C051643B}.Release|Any CPU.ActiveCfg = Release|Any CPU
		{C9DC8024-7CC4-4ACC-8E02-64F5C051643B}.Release|Any CPU.Build.0 = Release|Any CPU
		{5CA9D546-A4C6-497D-B0E5-7B1E4032DFCB}.Debug|Any CPU.ActiveCfg = Debug|Any CPU
		{5CA9D546-A4C6-497D-B0E5-7B1E4032DFCB}.Debug|Any CPU.Build.0 = Debug|Any CPU
		{5CA9D546-A4C6-497D-B0E5-7B1E4032DFCB}.Release|Any CPU.ActiveCfg = Release|Any CPU
		{5CA9D546-A4C6-497D-B0E5-7B1E4032DFCB}.Release|Any CPU.Build.0 = Release|Any CPU
		{2FEB9508-AD37-4019-A306-D6FE35F370C1}.Debug|Any CPU.ActiveCfg = Debug|Any CPU
		{2FEB9508-AD37-4019-A306-D6FE35F370C1}.Debug|Any CPU.Build.0 = Debug|Any CPU
		{2FEB9508-AD37-4019-A306-D6FE35F370C1}.Release|Any CPU.ActiveCfg = Release|Any CPU
		{2FEB9508-AD37-4019-A306-D6FE35F370C1}.Release|Any CPU.Build.0 = Release|Any CPU
		{5593BCEB-CF76-4B36-94A0-EAD9E4A863E0}.Debug|Any CPU.ActiveCfg = Debug|Any CPU
		{5593BCEB-CF76-4B36-94A0-EAD9E4A863E0}.Debug|Any CPU.Build.0 = Debug|Any CPU
		{5593BCEB-CF76-4B36-94A0-EAD9E4A863E0}.Release|Any CPU.ActiveCfg = Release|Any CPU
		{5593BCEB-CF76-4B36-94A0-EAD9E4A863E0}.Release|Any CPU.Build.0 = Release|Any CPU
		{1E8903D9-DBC0-4B8D-B555-4A65094F6A3B}.Debug|Any CPU.ActiveCfg = Debug|Any CPU
		{1E8903D9-DBC0-4B8D-B555-4A65094F6A3B}.Debug|Any CPU.Build.0 = Debug|Any CPU
		{1E8903D9-DBC0-4B8D-B555-4A65094F6A3B}.Release|Any CPU.ActiveCfg = Release|Any CPU
		{1E8903D9-DBC0-4B8D-B555-4A65094F6A3B}.Release|Any CPU.Build.0 = Release|Any CPU
		{AAF7A338-A5FB-41E9-8DBF-EA5137D55351}.Debug|Any CPU.ActiveCfg = Debug|Any CPU
		{AAF7A338-A5FB-41E9-8DBF-EA5137D55351}.Debug|Any CPU.Build.0 = Debug|Any CPU
		{AAF7A338-A5FB-41E9-8DBF-EA5137D55351}.Release|Any CPU.ActiveCfg = Release|Any CPU
		{AAF7A338-A5FB-41E9-8DBF-EA5137D55351}.Release|Any CPU.Build.0 = Release|Any CPU
		{63F7171A-C19E-45D6-834B-685D2A663741}.Debug|Any CPU.ActiveCfg = Debug|Any CPU
		{63F7171A-C19E-45D6-834B-685D2A663741}.Debug|Any CPU.Build.0 = Debug|Any CPU
		{63F7171A-C19E-45D6-834B-685D2A663741}.Release|Any CPU.ActiveCfg = Release|Any CPU
		{63F7171A-C19E-45D6-834B-685D2A663741}.Release|Any CPU.Build.0 = Release|Any CPU
		{A933BAD3-BD2C-443D-A6E2-86652AD6C39B}.Debug|Any CPU.ActiveCfg = Debug|Any CPU
		{A933BAD3-BD2C-443D-A6E2-86652AD6C39B}.Debug|Any CPU.Build.0 = Debug|Any CPU
		{A933BAD3-BD2C-443D-A6E2-86652AD6C39B}.Release|Any CPU.ActiveCfg = Release|Any CPU
		{A933BAD3-BD2C-443D-A6E2-86652AD6C39B}.Release|Any CPU.Build.0 = Release|Any CPU
		{90A6EF2E-AD54-4E6B-A459-78FFA42EB575}.Debug|Any CPU.ActiveCfg = Debug|Any CPU
		{90A6EF2E-AD54-4E6B-A459-78FFA42EB575}.Debug|Any CPU.Build.0 = Debug|Any CPU
		{90A6EF2E-AD54-4E6B-A459-78FFA42EB575}.Release|Any CPU.ActiveCfg = Release|Any CPU
		{90A6EF2E-AD54-4E6B-A459-78FFA42EB575}.Release|Any CPU.Build.0 = Release|Any CPU
		{E6B6329F-AFD8-4D28-9286-625088E63BF4}.Debug|Any CPU.ActiveCfg = Debug|Any CPU
		{E6B6329F-AFD8-4D28-9286-625088E63BF4}.Debug|Any CPU.Build.0 = Debug|Any CPU
		{E6B6329F-AFD8-4D28-9286-625088E63BF4}.Release|Any CPU.ActiveCfg = Release|Any CPU
		{E6B6329F-AFD8-4D28-9286-625088E63BF4}.Release|Any CPU.Build.0 = Release|Any CPU
		{6FDB4D08-7B0E-4BC9-9926-5AD72B03266B}.Debug|Any CPU.ActiveCfg = Debug|Any CPU
		{6FDB4D08-7B0E-4BC9-9926-5AD72B03266B}.Debug|Any CPU.Build.0 = Debug|Any CPU
		{6FDB4D08-7B0E-4BC9-9926-5AD72B03266B}.Release|Any CPU.ActiveCfg = Release|Any CPU
		{6FDB4D08-7B0E-4BC9-9926-5AD72B03266B}.Release|Any CPU.Build.0 = Release|Any CPU
		{C1EF35AB-FD11-4754-8455-72B25442429C}.Debug|Any CPU.ActiveCfg = Debug|Any CPU
		{C1EF35AB-FD11-4754-8455-72B25442429C}.Debug|Any CPU.Build.0 = Debug|Any CPU
		{C1EF35AB-FD11-4754-8455-72B25442429C}.Release|Any CPU.ActiveCfg = Release|Any CPU
		{C1EF35AB-FD11-4754-8455-72B25442429C}.Release|Any CPU.Build.0 = Release|Any CPU
		{13A05284-260E-4F58-AA2E-2C96A4E7F8F9}.Debug|Any CPU.ActiveCfg = Debug|Any CPU
		{13A05284-260E-4F58-AA2E-2C96A4E7F8F9}.Debug|Any CPU.Build.0 = Debug|Any CPU
		{13A05284-260E-4F58-AA2E-2C96A4E7F8F9}.Release|Any CPU.ActiveCfg = Release|Any CPU
		{13A05284-260E-4F58-AA2E-2C96A4E7F8F9}.Release|Any CPU.Build.0 = Release|Any CPU
		{47F68877-6511-449F-AA66-B17408BD5635}.Debug|Any CPU.ActiveCfg = Debug|Any CPU
		{47F68877-6511-449F-AA66-B17408BD5635}.Debug|Any CPU.Build.0 = Debug|Any CPU
		{47F68877-6511-449F-AA66-B17408BD5635}.Release|Any CPU.ActiveCfg = Release|Any CPU
		{47F68877-6511-449F-AA66-B17408BD5635}.Release|Any CPU.Build.0 = Release|Any CPU
		{1471D301-0556-470F-84C2-2F860D7A97E7}.Debug|Any CPU.ActiveCfg = Debug|Any CPU
		{1471D301-0556-470F-84C2-2F860D7A97E7}.Debug|Any CPU.Build.0 = Debug|Any CPU
		{1471D301-0556-470F-84C2-2F860D7A97E7}.Release|Any CPU.ActiveCfg = Release|Any CPU
		{1471D301-0556-470F-84C2-2F860D7A97E7}.Release|Any CPU.Build.0 = Release|Any CPU
		{542DB59E-0DB2-45AE-A585-F67F679A5EF1}.Debug|Any CPU.ActiveCfg = Debug|Any CPU
		{542DB59E-0DB2-45AE-A585-F67F679A5EF1}.Debug|Any CPU.Build.0 = Debug|Any CPU
		{542DB59E-0DB2-45AE-A585-F67F679A5EF1}.Release|Any CPU.ActiveCfg = Release|Any CPU
		{542DB59E-0DB2-45AE-A585-F67F679A5EF1}.Release|Any CPU.Build.0 = Release|Any CPU
		{585977C3-6346-49AC-A859-951E3DB0D25A}.Debug|Any CPU.ActiveCfg = Debug|Any CPU
		{585977C3-6346-49AC-A859-951E3DB0D25A}.Debug|Any CPU.Build.0 = Debug|Any CPU
		{585977C3-6346-49AC-A859-951E3DB0D25A}.Release|Any CPU.ActiveCfg = Release|Any CPU
		{585977C3-6346-49AC-A859-951E3DB0D25A}.Release|Any CPU.Build.0 = Release|Any CPU
		{0A398015-4A7A-422D-B283-37451188DB1B}.Debug|Any CPU.ActiveCfg = Debug|Any CPU
		{0A398015-4A7A-422D-B283-37451188DB1B}.Debug|Any CPU.Build.0 = Debug|Any CPU
		{0A398015-4A7A-422D-B283-37451188DB1B}.Release|Any CPU.ActiveCfg = Release|Any CPU
		{0A398015-4A7A-422D-B283-37451188DB1B}.Release|Any CPU.Build.0 = Release|Any CPU
		{65FE6127-CE08-4BA8-8A98-A8FFA922677A}.Debug|Any CPU.ActiveCfg = Debug|Any CPU
		{65FE6127-CE08-4BA8-8A98-A8FFA922677A}.Debug|Any CPU.Build.0 = Debug|Any CPU
		{65FE6127-CE08-4BA8-8A98-A8FFA922677A}.Release|Any CPU.ActiveCfg = Release|Any CPU
		{65FE6127-CE08-4BA8-8A98-A8FFA922677A}.Release|Any CPU.Build.0 = Release|Any CPU
		{22C16D19-1FCC-4CF2-AF10-0B23231E46D2}.Debug|Any CPU.ActiveCfg = Debug|Any CPU
		{22C16D19-1FCC-4CF2-AF10-0B23231E46D2}.Debug|Any CPU.Build.0 = Debug|Any CPU
		{22C16D19-1FCC-4CF2-AF10-0B23231E46D2}.Release|Any CPU.ActiveCfg = Release|Any CPU
		{22C16D19-1FCC-4CF2-AF10-0B23231E46D2}.Release|Any CPU.Build.0 = Release|Any CPU
		{341F712D-4F36-431E-A1B6-CB437A5D48A7}.Debug|Any CPU.ActiveCfg = Debug|Any CPU
		{341F712D-4F36-431E-A1B6-CB437A5D48A7}.Debug|Any CPU.Build.0 = Debug|Any CPU
		{341F712D-4F36-431E-A1B6-CB437A5D48A7}.Release|Any CPU.ActiveCfg = Release|Any CPU
		{341F712D-4F36-431E-A1B6-CB437A5D48A7}.Release|Any CPU.Build.0 = Release|Any CPU
		{295EEC55-927C-42F5-9990-BD08F3FDF200}.Debug|Any CPU.ActiveCfg = Debug|Any CPU
		{295EEC55-927C-42F5-9990-BD08F3FDF200}.Debug|Any CPU.Build.0 = Debug|Any CPU
		{295EEC55-927C-42F5-9990-BD08F3FDF200}.Release|Any CPU.ActiveCfg = Release|Any CPU
		{295EEC55-927C-42F5-9990-BD08F3FDF200}.Release|Any CPU.Build.0 = Release|Any CPU
		{BE1051B2-A592-41A5-BF1B-4FDC3A42C405}.Debug|Any CPU.ActiveCfg = Debug|Any CPU
		{BE1051B2-A592-41A5-BF1B-4FDC3A42C405}.Debug|Any CPU.Build.0 = Debug|Any CPU
		{BE1051B2-A592-41A5-BF1B-4FDC3A42C405}.Release|Any CPU.ActiveCfg = Release|Any CPU
		{BE1051B2-A592-41A5-BF1B-4FDC3A42C405}.Release|Any CPU.Build.0 = Release|Any CPU
		{5CCFCFE5-78A0-4E50-BB47-3BE8B198B737}.Debug|Any CPU.ActiveCfg = Debug|Any CPU
		{5CCFCFE5-78A0-4E50-BB47-3BE8B198B737}.Debug|Any CPU.Build.0 = Debug|Any CPU
		{5CCFCFE5-78A0-4E50-BB47-3BE8B198B737}.Release|Any CPU.ActiveCfg = Release|Any CPU
		{5CCFCFE5-78A0-4E50-BB47-3BE8B198B737}.Release|Any CPU.Build.0 = Release|Any CPU
		{ADB5D895-D37C-4577-91FF-2D35902FD9AD}.Debug|Any CPU.ActiveCfg = Debug|Any CPU
		{ADB5D895-D37C-4577-91FF-2D35902FD9AD}.Debug|Any CPU.Build.0 = Debug|Any CPU
		{ADB5D895-D37C-4577-91FF-2D35902FD9AD}.Release|Any CPU.ActiveCfg = Release|Any CPU
		{ADB5D895-D37C-4577-91FF-2D35902FD9AD}.Release|Any CPU.Build.0 = Release|Any CPU
		{B4AB9C9B-0C6B-4CF3-90C1-F968FD6B7670}.Debug|Any CPU.ActiveCfg = Debug|Any CPU
		{B4AB9C9B-0C6B-4CF3-90C1-F968FD6B7670}.Debug|Any CPU.Build.0 = Debug|Any CPU
		{B4AB9C9B-0C6B-4CF3-90C1-F968FD6B7670}.Release|Any CPU.ActiveCfg = Release|Any CPU
		{B4AB9C9B-0C6B-4CF3-90C1-F968FD6B7670}.Release|Any CPU.Build.0 = Release|Any CPU
		{8F6A81F5-A9C7-43EA-BD2D-93DC116F88FC}.Debug|Any CPU.ActiveCfg = Debug|Any CPU
		{8F6A81F5-A9C7-43EA-BD2D-93DC116F88FC}.Debug|Any CPU.Build.0 = Debug|Any CPU
		{8F6A81F5-A9C7-43EA-BD2D-93DC116F88FC}.Release|Any CPU.ActiveCfg = Release|Any CPU
		{8F6A81F5-A9C7-43EA-BD2D-93DC116F88FC}.Release|Any CPU.Build.0 = Release|Any CPU
		{899C7A8E-C9E4-4D31-9718-C4A6146BBB1E}.Debug|Any CPU.ActiveCfg = Debug|Any CPU
		{899C7A8E-C9E4-4D31-9718-C4A6146BBB1E}.Debug|Any CPU.Build.0 = Debug|Any CPU
		{899C7A8E-C9E4-4D31-9718-C4A6146BBB1E}.Release|Any CPU.ActiveCfg = Release|Any CPU
		{899C7A8E-C9E4-4D31-9718-C4A6146BBB1E}.Release|Any CPU.Build.0 = Release|Any CPU
		{4BC34C05-2095-4A1C-8330-ED16ED6F1699}.Debug|Any CPU.ActiveCfg = Debug|Any CPU
		{4BC34C05-2095-4A1C-8330-ED16ED6F1699}.Debug|Any CPU.Build.0 = Debug|Any CPU
		{4BC34C05-2095-4A1C-8330-ED16ED6F1699}.Release|Any CPU.ActiveCfg = Release|Any CPU
		{4BC34C05-2095-4A1C-8330-ED16ED6F1699}.Release|Any CPU.Build.0 = Release|Any CPU
		{B17B5342-5EF6-4B56-AF02-E8B84CAC318C}.Debug|Any CPU.ActiveCfg = Debug|Any CPU
		{B17B5342-5EF6-4B56-AF02-E8B84CAC318C}.Debug|Any CPU.Build.0 = Debug|Any CPU
		{B17B5342-5EF6-4B56-AF02-E8B84CAC318C}.Release|Any CPU.ActiveCfg = Release|Any CPU
		{B17B5342-5EF6-4B56-AF02-E8B84CAC318C}.Release|Any CPU.Build.0 = Release|Any CPU
		{9258C4E7-B1AA-4A0C-8642-911CEAFFEBCF}.Debug|Any CPU.ActiveCfg = Debug|Any CPU
		{9258C4E7-B1AA-4A0C-8642-911CEAFFEBCF}.Debug|Any CPU.Build.0 = Debug|Any CPU
		{9258C4E7-B1AA-4A0C-8642-911CEAFFEBCF}.Release|Any CPU.ActiveCfg = Release|Any CPU
		{9258C4E7-B1AA-4A0C-8642-911CEAFFEBCF}.Release|Any CPU.Build.0 = Release|Any CPU
		{98619DA1-7562-49EF-9398-90AF86171403}.Debug|Any CPU.ActiveCfg = Debug|Any CPU
		{98619DA1-7562-49EF-9398-90AF86171403}.Debug|Any CPU.Build.0 = Debug|Any CPU
		{98619DA1-7562-49EF-9398-90AF86171403}.Release|Any CPU.ActiveCfg = Release|Any CPU
		{98619DA1-7562-49EF-9398-90AF86171403}.Release|Any CPU.Build.0 = Release|Any CPU
		{D5382CEE-2B05-4D12-B4E4-505D06E89EE1}.Debug|Any CPU.ActiveCfg = Debug|Any CPU
		{D5382CEE-2B05-4D12-B4E4-505D06E89EE1}.Debug|Any CPU.Build.0 = Debug|Any CPU
		{D5382CEE-2B05-4D12-B4E4-505D06E89EE1}.Release|Any CPU.ActiveCfg = Release|Any CPU
		{D5382CEE-2B05-4D12-B4E4-505D06E89EE1}.Release|Any CPU.Build.0 = Release|Any CPU
	EndGlobalSection
	GlobalSection(SolutionProperties) = preSolution
		HideSolutionNode = FALSE
	EndGlobalSection
	GlobalSection(ExtensibilityGlobals) = postSolution
		SolutionGuid = {5C9A5F6B-AB51-4549-9329-463C33BD766C}
	EndGlobalSection
EndGlobal
